# This file is automatically @generated by Cargo.
# It is not intended for manual editing.
version = 4

[[package]]
name = "minisign-verify"
version = "0.2.5"
source = "registry+https://github.com/rust-lang/crates.io-index"
checksum = "22f9645cb765ea72b8111f36c522475d2daa0d22c957a9826437e97534bc4e9e"

[[package]]
name = "qijiang-updater-signature-verifier"
version = "0.0.0"
dependencies = [
 "minisign-verify",
]
